<Solution>
  <Folder Name="/src/">
    <Project Path="src/BirdMessage.API/BirdMessage.API.csproj" />
    <Project Path="src/BirdMessage.Application/BirdMessage.Application.csproj" />
    <Project Path="src/BirdMessage.Domain/BirdMessage.Domain.csproj" />
    <Project Path="src/BirdMessage.Infrastructure/BirdMessage.Infrastructure.csproj" />
  </Folder>
  <Folder Name="/tests/">
    <Project Path="tests/BirdMessage.Tests/BirdMessage.Tests.csproj" />
  </Folder>
</Solution>
